// !$*UTF8*$!
{
	archiveVersion = 1;
	classes = {
	};
	objectVersion = 46;
	objects = {

/* Begin PBXBuildFile section */
		1BEA4D351E35EB4A009087F3 /* AppDelegate.swift in Sources */ = {isa = PBXBuildFile; fileRef = 1BEA4D341E35EB4A009087F3 /* AppDelegate.swift */; };
		1BEA4D371E35EB4A009087F3 /* ViewController.swift in Sources */ = {isa = PBXBuildFile; fileRef = 1BEA4D361E35EB4A009087F3 /* ViewController.swift */; };
		1BEA4D3A1E35EB4A009087F3 /* Main.storyboard in Resources */ = {isa = PBXBuildFile; fileRef = 1BEA4D381E35EB4A009087F3 /* Main.storyboard */; };
		1BEA4D3C1E35EB4A009087F3 /* Assets.xcassets in Resources */ = {isa = PBXBuildFile; fileRef = 1BEA4D3B1E35EB4A009087F3 /* Assets.xcassets */; };
		1BEA4D3F1E35EB4A009087F3 /* LaunchScreen.storyboard in Resources */ = {isa = PBXBuildFile; fileRef = 1BEA4D3D1E35EB4A009087F3 /* LaunchScreen.storyboard */; };
		1BEA4D471E35F17C009087F3 /* pokemon.csv in Resources */ = {isa = PBXBuildFile; fileRef = 1BEA4D461E35F17C009087F3 /* pokemon.csv */; };
/* End PBXBuildFile section */

/* Begin PBXFileReference section */
		1BEA4D311E35EB4A009087F3 /* pokedex3.app */ = {isa = PBXFileReference; explicitFileType = wrapper.application; includeInIndex = 0; path = pokedex3.app; sourceTree = BUILT_PRODUCTS_DIR; };
		1BEA4D341E35EB4A009087F3 /* AppDelegate.swift */ = {isa = PBXFileReference; lastKnownFileType = sourcecode.swift; path = AppDelegate.swift; sourceTree = "<group>"; };
		1BEA4D361E35EB4A009087F3 /* ViewController.swift */ = {isa = PBXFileReference; lastKnownFileType = sourcecode.swift; path = ViewController.swift; sourceTree = "<group>"; };
		1BEA4D391E35EB4A009087F3 /* Base */ = {isa = PBXFileReference; lastKnownFileType = file.storyboard; name = Base; path = Base.lproj/Main.storyboard; sourceTree = "<group>"; };
		1BEA4D3B1E35EB4A009087F3 /* Assets.xcassets */ = {isa = PBXFileReference; lastKnownFileType = folder.assetcatalog; path = Assets.xcassets; sourceTree = "<group>"; };
		1BEA4D3E1E35EB4A009087F3 /* Base */ = {isa = PBXFileReference; lastKnownFileType = file.storyboard; name = Base; path = Base.lproj/LaunchScreen.storyboard; sourceTree = "<group>"; };
		1BEA4D401E35EB4A009087F3 /* Info.plist */ = {isa = PBXFileReference; lastKnownFileType = text.plist.xml; path = Info.plist; sourceTree = "<group>"; };
		1BEA4D461E35F17C009087F3 /* pokemon.csv */ = {isa = PBXFileReference; fileEncoding = 4; lastKnownFileType = text; path = pokemon.csv; sourceTree = "<group>"; };
/* End PBXFileReference section */

/* Begin PBXFrameworksBuildPhase section */
		1BEA4D2E1E35EB4A009087F3 /* Frameworks */ = {
			isa = PBXFrameworksBuildPhase;
			buildActionMask = 2147483647;
			files = (
			);
			runOnlyForDeploymentPostprocessing = 0;
		};
/* End PBXFrameworksBuildPhase section */

/* Begin PBXGroup section */
		1BEA4D281E35EB4A009087F3 = {
			isa = PBXGroup;
			children = (
				1BEA4D331E35EB4A009087F3 /* pokedex3 */,
				1BEA4D321E35EB4A009087F3 /* Products */,
			);
			sourceTree = "<group>";
		};
		1BEA4D321E35EB4A009087F3 /* Products */ = {
			isa = PBXGroup;
			children = (
				1BEA4D311E35EB4A009087F3 /* pokedex3.app */,
			);
			name = Products;
			sourceTree = "<group>";
		};
		1BEA4D331E35EB4A009087F3 /* pokedex3 */ = {
			isa = PBXGroup;
			children = (
				1BEA4D341E35EB4A009087F3 /* AppDelegate.swift */,
				1BEA4D361E35EB4A009087F3 /* ViewController.swift */,
				1BEA4D381E35EB4A009087F3 /* Main.storyboard */,
				1BEA4D3B1E35EB4A009087F3 /* Assets.xcassets */,
				1BEA4D461E35F17C009087F3 /* pokemon.csv */,
				1BEA4D3D1E35EB4A009087F3 /* LaunchScreen.storyboard */,
				1BEA4D401E35EB4A009087F3 /* Info.plist */,
			);
			path = pokedex3;
			sourceTree = "<group>";
		};
/* End PBXGroup section */

/* Begin PBXNativeTarget section */
		1BEA4D301E35EB4A009087F3 /* pokedex3 */ = {
			isa = PBXNativeTarget;
			buildConfigurationList = 1BEA4D431E35EB4A009087F3 /* Build configuration list for PBXNativeTarget "pokedex3" */;
			buildPhases = (
				1BEA4D2D1E35EB4A009087F3 /* Sources */,
				1BEA4D2E1E35EB4A009087F3 /* Frameworks */,
				1BEA4D2F1E35EB4A009087F3 /* Resources */,
			);
			buildRules = (
			);
			dependencies = (
			);
			name = pokedex3;
			productName = pokedex3;
			productReference = 1BEA4D311E35EB4A009087F3 /* pokedex3.app */;
			productType = "com.apple.product-type.application";
		};
/* End PBXNativeTarget section */

/* Begin PBXProject section */
		1BEA4D291E35EB4A009087F3 /* Project object */ = {
			isa = PBXProject;
			attributes = {
				LastSwiftUpdateCheck = 0810;
				LastUpgradeCheck = 0810;
				ORGANIZATIONNAME = Salis;
				TargetAttributes = {
					1BEA4D301E35EB4A009087F3 = {
						CreatedOnToolsVersion = 8.1;
						DevelopmentTeam = ZVGF72289W;
						ProvisioningStyle = Automatic;
					};
				};
			};
			buildConfigurationList = 1BEA4D2C1E35EB4A009087F3 /* Build configuration list for PBXProject "pokedex3" */;
			compatibilityVersion = "Xcode 3.2";
			developmentRegion = English;
			hasScannedForEncodings = 0;
			knownRegions = (
				en,
				Base,
			);
			mainGroup = 1BEA4D281E35EB4A009087F3;
			productRefGroup = 1BEA4D321E35EB4A009087F3 /* Products */;
			projectDirPath = "";
			projectRoot = "";
			targets = (
				1BEA4D301E35EB4A009087F3 /* pokedex3 */,
			);
		};
/* End PBXProject section */

/* Begin PBXResourcesBuildPhase section */
		1BEA4D2F1E35EB4A009087F3 /* Resources */ = {
			isa = PBXResourcesBuildPhase;
			buildActionMask = 2147483647;
			files = (
				1BEA4D3F1E35EB4A009087F3 /* LaunchScreen.storyboard in Resources */,
				1BEA4D3C1E35EB4A009087F3 /* Assets.xcassets in Resources */,
				1BEA4D471E35F17C009087F3 /* pokemon.csv in Resources */,
				1BEA4D3A1E35EB4A009087F3 /* Main.storyboard in Resources */,
			);
			runOnlyForDeploymentPostprocessing = 0;
		};
/* End PBXResourcesBuildPhase section */

/* Begin PBXSourcesBuildPhase section */
		1BEA4D2D1E35EB4A009087F3 /* Sources */ = {
			isa = PBXSourcesBuildPhase;
			buildActionMask = 2147483647;
			files = (
				1BEA4D371E35EB4A009087F3 /* ViewController.swift in Sources */,
				1BEA4D351E35EB4A009087F3 /* AppDelegate.swift in Sources */,
			);
			runOnlyForDeploymentPostprocessing = 0;
		};
/* End PBXSourcesBuildPhase section */

/* Begin PBXVariantGroup section */
		1BEA4D381E35EB4A009087F3 /* Main.storyboard */ = {
			isa = PBXVariantGroup;
			children = (
				1BEA4D391E35EB4A009087F3 /* Base */,
			);
			name = Main.storyboard;
			sourceTree = "<group>";
		};
		1BEA4D3D1E35EB4A009087F3 /* LaunchScreen.storyboard */ = {
			isa = PBXVariantGroup;
			children = (
				1BEA4D3E1E35EB4A009087F3 /* Base */,
			);
			name = LaunchScreen.storyboard;
			sourceTree = "<group>";
		};
/* End PBXVariantGroup section */

/* Begin XCBuildConfiguration section */
		1BEA4D411E35EB4A009087F3 /* Debug */ = {
			isa = XCBuildConfiguration;
			buildSettings = {
				ALWAYS_SEARCH_USER_PATHS = NO;
				CLANG_ANALYZER_NONNULL = YES;
				CLANG_CXX_LANGUAGE_STANDARD = "gnu++0x";
				CLANG_CXX_LIBRARY = "libc++";
				CLANG_ENABLE_MODULES = YES;
				CLANG_ENABLE_OBJC_ARC = YES;
				CLANG_WARN_BOOL_CONVERSION = YES;
				CLANG_WARN_CONSTANT_CONVERSION = YES;
				CLANG_WARN_DIRECT_OBJC_ISA_USAGE = YES_ERROR;
				CLANG_WARN_DOCUMENTATION_COMMENTS = YES;
				CLANG_WARN_EMPTY_BODY = YES;
				CLANG_WARN_ENUM_CONVERSION = YES;
				CLANG_WARN_INFINITE_RECURSION = YES;
				CLANG_WARN_INT_CONVERSION = YES;
				CLANG_WARN_OBJC_ROOT_CLASS = YES_ERROR;
				CLANG_WARN_SUSPICIOUS_MOVES = YES;
				CLANG_WARN_UNREACHABLE_CODE = YES;
				CLANG_WARN__DUPLICATE_METHOD_MATCH = YES;
				"CODE_SIGN_IDENTITY[sdk=iphoneos*]" = "iPhone Developer";
				COPY_PHASE_STRIP = NO;
				DEBUG_INFORMATION_FORMAT = dwarf;
				ENABLE_STRICT_OBJC_MSGSEND = YES;
				ENABLE_TESTABILITY = YES;
				GCC_C_LANGUAGE_STANDARD = gnu99;
				GCC_DYNAMIC_NO_PIC = NO;
				GCC_NO_COMMON_BLOCKS = YES;
				GCC_OPTIMIZATION_LEVEL = 0;
				GCC_PREPROCESSOR_DEFINITIONS = (
					"DEBUG=1",
					"$(inherited)",
				);
				GCC_WARN_64_TO_32_BIT_CONVERSION = YES;
				GCC_WARN_ABOUT_RETURN_TYPE = YES_ERROR;
				GCC_WARN_UNDECLARED_SELECTOR = YES;
				GCC_WARN_UNINITIALIZED_AUTOS = YES_AGGRESSIVE;
				GCC_WARN_UNUSED_FUNCTION = YES;
				GCC_WARN_UNUSED_VARIABLE = YES;
				IPHONEOS_DEPLOYMENT_TARGET = 10.1;
				MTL_ENABLE_DEBUG_INFO = YES;
				ONLY_ACTIVE_ARCH = YES;
				SDKROOT = iphoneos;
				SWIFT_ACTIVE_COMPILATION_CONDITIONS = DEBUG;
				SWIFT_OPTIMIZATION_LEVEL = "-Onone";
				TARGETED_DEVICE_FAMILY = "1,2";
			};
			name = Debug;
		};
		1BEA4D421E35EB4A009087F3 /* Release */ = {
			isa = XCBuildConfiguration;
			buildSettings = {
				ALWAYS_SEARCH_USER_PATHS = NO;
				CLANG_ANALYZER_NONNULL = YES;
				CLANG_CXX_LANGUAGE_STANDARD = "gnu++0x";
				CLANG_CXX_LIBRARY = "libc++";
				CLANG_ENABLE_MODULES = YES;
				CLANG_ENABLE_OBJC_ARC = YES;
				CLANG_WARN_BOOL_CONVERSION = YES;
				CLANG_WARN_CONSTANT_CONVERSION = YES;
				CLANG_WARN_DIRECT_OBJC_ISA_USAGE = YES_ERROR;
				CLANG_WARN_DOCUMENTATION_COMMENTS = YES;
				CLANG_WARN_EMPTY_BODY = YES;
				CLANG_WARN_ENUM_CONVERSION = YES;
				CLANG_WARN_INFINITE_RECURSION = YES;
				CLANG_WARN_INT_CONVERSION = YES;
				CLANG_WARN_OBJC_ROOT_CLASS = YES_ERROR;
				CLANG_WARN_SUSPICIOUS_MOVES = YES;
				CLANG_WARN_UNREACHABLE_CODE = YES;
				CLANG_WARN__DUPLICATE_METHOD_MATCH = YES;
				"CODE_SIGN_IDENTITY[sdk=iphoneos*]" = "iPhone Developer";
				COPY_PHASE_STRIP = NO;
				DEBUG_INFORMATION_FORMAT = "dwarf-with-dsym";
				ENABLE_NS_ASSERTIONS = NO;
				ENABLE_STRICT_OBJC_MSGSEND = YES;
				GCC_C_LANGUAGE_STANDARD = gnu99;
				GCC_NO_COMMON_BLOCKS = YES;
				GCC_WARN_64_TO_32_BIT_CONVERSION = YES;
				GCC_WARN_ABOUT_RETURN_TYPE = YES_ERROR;
				GCC_WARN_UNDECLARED_SELECTOR = YES;
				GCC_WARN_UNINITIALIZED_AUTOS = YES_AGGRESSIVE;
				GCC_WARN_UNUSED_FUNCTION = YES;
				GCC_WARN_UNUSED_VARIABLE = YES;
				IPHONEOS_DEPLOYMENT_TARGET = 10.1;
				MTL_ENABLE_DEBUG_INFO = NO;
				SDKROOT = iphoneos;
				SWIFT_OPTIMIZATION_LEVEL = "-Owholemodule";
				TARGETED_DEVICE_FAMILY = "1,2";
				VALIDATE_PRODUCT = YES;
			};
			name = Release;
		};
		1BEA4D441E35EB4A009087F3 /* Debug */ = {
			isa = XCBuildConfiguration;
			buildSettings = {
				ASSETCATALOG_COMPILER_APPICON_NAME = AppIcon;
				DEVELOPMENT_TEAM = ZVGF72289W;
				INFOPLIST_FILE = pokedex3/Info.plist;
				LD_RUNPATH_SEARCH_PATHS = "$(inherited) @executable_path/Frameworks";
				PRODUCT_BUNDLE_IDENTIFIER = com.bloonerd.pokedex3;
				PRODUCT_NAME = "$(TARGET_NAME)";
				SWIFT_VERSION = 3.0;
			};
			name = Debug;
		};
		1BEA4D451E35EB4A009087F3 /* Release */ = {
			isa = XCBuildConfiguration;
			buildSettings = {
				ASSETCATALOG_COMPILER_APPICON_NAME = AppIcon;
				DEVELOPMENT_TEAM = ZVGF72289W;
				INFOPLIST_FILE = pokedex3/Info.plist;
				LD_RUNPATH_SEARCH_PATHS = "$(inherited) @executable_path/Frameworks";
				PRODUCT_BUNDLE_IDENTIFIER = com.bloonerd.pokedex3;
				PRODUCT_NAME = "$(TARGET_NAME)";
				SWIFT_VERSION = 3.0;
			};
			name = Release;
		};
/* End XCBuildConfiguration section */

/* Begin XCConfigurationList section */
		1BEA4D2C1E35EB4A009087F3 /* Build configuration list for PBXProject "pokedex3" */ = {
			isa = XCConfigurationList;
			buildConfigurations = (
				1BEA4D411E35EB4A009087F3 /* Debug */,
				1BEA4D421E35EB4A009087F3 /* Release */,
			);
			defaultConfigurationIsVisible = 0;
			defaultConfigurationName = Release;
		};
		1BEA4D431E35EB4A009087F3 /* Build configuration list for PBXNativeTarget "pokedex3" */ = {
			isa = XCConfigurationList;
			buildConfigurations = (
				1BEA4D441E35EB4A009087F3 /* Debug */,
				1BEA4D451E35EB4A009087F3 /* Release */,
			);
			defaultConfigurationIsVisible = 0;
		};
/* End XCConfigurationList section */
	};
	rootObject = 1BEA4D291E35EB4A009087F3 /* Project object */;
}
